PODS:
  - Flutter (1.0.0)
  - ipados_menu_bar (0.4.3):
    - Flutter

DEPENDENCIES:
  - Flutter (from `Flutter`)
  - ipados_menu_bar (from `.symlinks/plugins/ipados_menu_bar/ios`)

EXTERNAL SOURCES:
  Flutter:
    :path: Flutter
  ipados_menu_bar:
    :path: ".symlinks/plugins/ipados_menu_bar/ios"

SPEC CHECKSUMS:
  Flutter: cabc95a1d2626b1b06e7179b784ebcf0c0cde467
  ipados_menu_bar: b416d4e5061f2800ae898ae55c046d7d9a599617

PODFILE CHECKSUM: 3c63482e143d1b91d2d2560aee9fb04ecc74ac7e

COCOAPODS: 1.16.2
